
Microsoft Visual Studio Solution File, Format Version 12.00
# Visual Studio 15
VisualStudioVersion = 15.0.26228.9
MinimumVisualStudioVersion = 10.0.40219.1
Project("{FAE04EC0-301F-11D3-BF4B-00C04F79EFBC}") = "XML_JSON Parser", "XML_JSON Parser\XML_JSON Parser.csproj", "{F3257E99-6BC5-49A5-9EE8-FD1B88EF7240}"
EndProject
Project("{FAE04EC0-301F-11D3-BF4B-00C04F79EFBC}") = "Database", "Database\Database.csproj", "{A974ECC9-6160-4ECF-826C-6C4CB8824A4E}"
EndProject
Global
	GlobalSection(SolutionConfigurationPlatforms) = preSolution
		Debug|Any CPU = Debug|Any CPU
		Release|Any CPU = Release|Any CPU
	EndGlobalSection
	GlobalSection(ProjectConfigurationPlatforms) = postSolution
		{F3257E99-6BC5-49A5-9EE8-FD1B88EF7240}.Debug|Any CPU.ActiveCfg = Debug|Any CPU
		{F3257E99-6BC5-49A5-9EE8-FD1B88EF7240}.Debug|Any CPU.Build.0 = Debug|Any CPU
		{F3257E99-6BC5-49A5-9EE8-FD1B88EF7240}.Release|Any CPU.ActiveCfg = Release|Any CPU
		{F3257E99-6BC5-49A5-9EE8-FD1B88EF7240}.Release|Any CPU.Build.0 = Release|Any CPU
		{A974ECC9-6160-4ECF-826C-6C4CB8824A4E}.Debug|Any CPU.ActiveCfg = Debug|Any CPU
		{A974ECC9-6160-4ECF-826C-6C4CB8824A4E}.Debug|Any CPU.Build.0 = Debug|Any CPU
		{A974ECC9-6160-4ECF-826C-6C4CB8824A4E}.Release|Any CPU.ActiveCfg = Release|Any CPU
		{A974ECC9-6160-4ECF-826C-6C4CB8824A4E}.Release|Any CPU.Build.0 = Release|Any CPU
	EndGlobalSection
	GlobalSection(SolutionProperties) = preSolution
		HideSolutionNode = FALSE
	EndGlobalSection
EndGlobal
