
Microsoft Visual Studio Solution File, Format Version 12.00
# Visual Studio 15
VisualStudioVersion = 15.0.26228.9
MinimumVisualStudioVersion = 10.0.40219.1
Project("{FAE04EC0-301F-11D3-BF4B-00C04F79EFBC}") = "MF_second", "MF_second\MF_second.csproj", "{BDA6AF8B-86BB-48B0-BE62-CA319E63A3DD}"
EndProject
Global
	GlobalSection(SolutionConfigurationPlatforms) = preSolution
		Debug|Any CPU = Debug|Any CPU
		Release|Any CPU = Release|Any CPU
	EndGlobalSection
	GlobalSection(ProjectConfigurationPlatforms) = postSolution
		{BDA6AF8B-86BB-48B0-BE62-CA319E63A3DD}.Debug|Any CPU.ActiveCfg = Debug|Any CPU
		{BDA6AF8B-86BB-48B0-BE62-CA319E63A3DD}.Debug|Any CPU.Build.0 = Debug|Any CPU
		{BDA6AF8B-86BB-48B0-BE62-CA319E63A3DD}.Release|Any CPU.ActiveCfg = Release|Any CPU
		{BDA6AF8B-86BB-48B0-BE62-CA319E63A3DD}.Release|Any CPU.Build.0 = Release|Any CPU
	EndGlobalSection
	GlobalSection(SolutionProperties) = preSolution
		HideSolutionNode = FALSE
	EndGlobalSection
EndGlobal
